
Microsoft Visual Studio Solution File, Format Version 11.00
# Visual Studio 2010
Project("{FAE04EC0-301F-11D3-BF4B-00C04F79EFBC}") = "XnaScrapCorePhone", "XnaScrapCore\XnaScrapCorePhone.csproj", "{0B4C0331-5356-41DA-A43E-4FFA98BFEE56}"
EndProject
Project("{FAE04EC0-301F-11D3-BF4B-00C04F79EFBC}") = "TestGame", "TestGame\TestGame\TestGame.csproj", "{B9244A34-43EB-463D-9F35-6DE0753D0BD3}"
	ProjectSection(ProjectDependencies) = postProject
		{B3F6F405-0AA8-4638-BCCC-E59D0B873626} = {B3F6F405-0AA8-4638-BCCC-E59D0B873626}
		{7F8CCD32-DB05-495E-A624-AF6D4DD15F13} = {7F8CCD32-DB05-495E-A624-AF6D4DD15F13}
		{50B19F36-CE56-434B-B14B-66BE25293D32} = {50B19F36-CE56-434B-B14B-66BE25293D32}
		{42A15EA9-B891-435E-BB8F-F61E825D9AB9} = {42A15EA9-B891-435E-BB8F-F61E825D9AB9}
	EndProjectSection
EndProject
Project("{FAE04EC0-301F-11D3-BF4B-00C04F79EFBC}") = "TestGameContent", "TestGame\TestGameContent\TestGameContent.contentproj", "{B747E1E6-6F15-4EFC-96CB-08B0D071C90F}"
EndProject
Project("{FAE04EC0-301F-11D3-BF4B-00C04F79EFBC}") = "CBeroPhone", "CBero\CBeroPhone.csproj", "{FF0FC7D7-ED83-4864-AD8A-5B2BF93EAC83}"
EndProject
Project("{FAE04EC0-301F-11D3-BF4B-00C04F79EFBC}") = "XmlScriptingPhone", "XmlScriptingPhone\XmlScriptingPhone.csproj", "{AF5914F6-09E6-4E96-8352-931928067244}"
EndProject
Project("{FAE04EC0-301F-11D3-BF4B-00C04F79EFBC}") = "XnaScrapCoreWin", "XnaScrapCore\XnaScrapCoreWin.csproj", "{CC636252-3F23-46E9-9F83-5A3ACE7152C7}"
EndProject
Project("{FAE04EC0-301F-11D3-BF4B-00C04F79EFBC}") = "XmlScriptingWin", "XmlScriptingPhone\XmlScriptingWin.csproj", "{86354B14-1D3C-4E62-918D-67521C103C95}"
EndProject
Project("{FAE04EC0-301F-11D3-BF4B-00C04F79EFBC}") = "SceneManagementWin", "SceneManagement\SceneManagementWin.csproj", "{444BD4E5-FBBE-4970-A116-D6AA2F2E4E8A}"
EndProject
Project("{FAE04EC0-301F-11D3-BF4B-00C04F79EFBC}") = "SceneManagementPhone", "SceneManagement\SceneManagementPhone.csproj", "{42A15EA9-B891-435E-BB8F-F61E825D9AB9}"
EndProject
Project("{FAE04EC0-301F-11D3-BF4B-00C04F79EFBC}") = "CBeroWin", "CBero\CBeroWin.csproj", "{29899682-6750-4638-9D5A-CDE4131E502C}"
EndProject
Project("{FAE04EC0-301F-11D3-BF4B-00C04F79EFBC}") = "TestGameWin", "TestGame\TestGame\TestGameWin.csproj", "{87C42152-2A6E-45FC-864C-8021BD2A6110}"
	ProjectSection(ProjectDependencies) = postProject
		{0189AE4F-4D0B-424F-B521-9CEBEFE9409F} = {0189AE4F-4D0B-424F-B521-9CEBEFE9409F}
		{35CF3FEE-F170-4E45-BC91-053D471C93B8} = {35CF3FEE-F170-4E45-BC91-053D471C93B8}
	EndProjectSection
EndProject
Project("{FAE04EC0-301F-11D3-BF4B-00C04F79EFBC}") = "XmlScriptingImportWin", "XmlScriptingImport\XmlScriptingImportWin.csproj", "{C09DC211-BC7B-476D-BE57-2DEF07FC84E9}"
EndProject
Project("{FAE04EC0-301F-11D3-BF4B-00C04F79EFBC}") = "XmlScriptingImportPhone", "XmlScriptingImport\XmlScriptingImportPhone.csproj", "{50B19F36-CE56-434B-B14B-66BE25293D32}"
EndProject
Project("{FAE04EC0-301F-11D3-BF4B-00C04F79EFBC}") = "MaterialImportPhone", "MaterialImport\MaterialImportPhone.csproj", "{7F8CCD32-DB05-495E-A624-AF6D4DD15F13}"
EndProject
Project("{FAE04EC0-301F-11D3-BF4B-00C04F79EFBC}") = "MaterialImportWin", "MaterialImport\MaterialImportWin.csproj", "{35CF3FEE-F170-4E45-BC91-053D471C93B8}"
EndProject
Project("{FAE04EC0-301F-11D3-BF4B-00C04F79EFBC}") = "CollisionSystemPhone", "CollisionSystem\CollisionSystemPhone.csproj", "{DCDDA0BC-5A54-45DD-9EBC-01C0C01C788B}"
EndProject
Project("{FAE04EC0-301F-11D3-BF4B-00C04F79EFBC}") = "CollisionSystemWin", "CollisionSystem\CollisionSystemWin.csproj", "{7CDBFE64-7C7B-4791-99AA-E82CF2A33CB2}"
EndProject
Project("{FAE04EC0-301F-11D3-BF4B-00C04F79EFBC}") = "XnaInputPhone", "XnaInput\XnaInputPhone.csproj", "{0A5A212B-05DB-436F-9B35-1746B1F54009}"
EndProject
Project("{FAE04EC0-301F-11D3-BF4B-00C04F79EFBC}") = "XnaInputWin", "XnaInput\XnaInputWin.csproj", "{4007A641-5A3C-471A-9B5E-A3636EB61B71}"
EndProject
Project("{FAE04EC0-301F-11D3-BF4B-00C04F79EFBC}") = "XnaScrapAnimationPhone", "XnaScrapAnimation\XnaScrapAnimationPhone.csproj", "{B3F6F405-0AA8-4638-BCCC-E59D0B873626}"
EndProject
Project("{FAE04EC0-301F-11D3-BF4B-00C04F79EFBC}") = "XnaScrapAnimationWin", "XnaScrapAnimation\XnaScrapAnimationWin.csproj", "{0189AE4F-4D0B-424F-B521-9CEBEFE9409F}"
EndProject
Project("{FAE04EC0-301F-11D3-BF4B-00C04F79EFBC}") = "XnaScrapRESTWin", "XnaScrapRESTOnly\XnaScrapRESTWin.csproj", "{3335546C-F8ED-4149-86F4-A8D77019E40B}"
EndProject
Project("{FAE04EC0-301F-11D3-BF4B-00C04F79EFBC}") = "ActionSystemWin", "ActionSystemWin\ActionSystemWin.csproj", "{1598ADFC-F97D-4D96-88F5-D7E4DCBA2551}"
EndProject
Project("{FAE04EC0-301F-11D3-BF4B-00C04F79EFBC}") = "ActionSystemPhone", "ActionSystemWin\ActionSystemPhone.csproj", "{FD5F091B-84E3-4D8F-98F2-5DE94BCFF3E6}"
EndProject
Project("{FAE04EC0-301F-11D3-BF4B-00C04F79EFBC}") = "SkinnedModelPipeline", "SkinnedModelPipeline\SkinnedModelPipeline.csproj", "{4636C7E1-B845-4B83-B96D-64A11B8A4515}"
EndProject
Global
	GlobalSection(SolutionConfigurationPlatforms) = preSolution
		Debug|Any CPU = Debug|Any CPU
		Debug|Mixed Platforms = Debug|Mixed Platforms
		Debug|Windows Phone = Debug|Windows Phone
		Debug|x86 = Debug|x86
		Debug|Xbox 360 = Debug|Xbox 360
		Release|Any CPU = Release|Any CPU
		Release|Mixed Platforms = Release|Mixed Platforms
		Release|Windows Phone = Release|Windows Phone
		Release|x86 = Release|x86
		Release|Xbox 360 = Release|Xbox 360
	EndGlobalSection
	GlobalSection(ProjectConfigurationPlatforms) = postSolution
		{0B4C0331-5356-41DA-A43E-4FFA98BFEE56}.Debug|Any CPU.ActiveCfg = Debug|Windows Phone
		{0B4C0331-5356-41DA-A43E-4FFA98BFEE56}.Debug|Mixed Platforms.ActiveCfg = Debug|Windows Phone
		{0B4C0331-5356-41DA-A43E-4FFA98BFEE56}.Debug|Mixed Platforms.Build.0 = Debug|Windows Phone
		{0B4C0331-5356-41DA-A43E-4FFA98BFEE56}.Debug|Windows Phone.ActiveCfg = Debug|Windows Phone
		{0B4C0331-5356-41DA-A43E-4FFA98BFEE56}.Debug|Windows Phone.Build.0 = Debug|Windows Phone
		{0B4C0331-5356-41DA-A43E-4FFA98BFEE56}.Debug|x86.ActiveCfg = Debug|Windows Phone
		{0B4C0331-5356-41DA-A43E-4FFA98BFEE56}.Debug|Xbox 360.ActiveCfg = Debug|Windows Phone
		{0B4C0331-5356-41DA-A43E-4FFA98BFEE56}.Debug|Xbox 360.Build.0 = Debug|Windows Phone
		{0B4C0331-5356-41DA-A43E-4FFA98BFEE56}.Release|Any CPU.ActiveCfg = Release|Windows Phone
		{0B4C0331-5356-41DA-A43E-4FFA98BFEE56}.Release|Mixed Platforms.ActiveCfg = Release|Windows Phone
		{0B4C0331-5356-41DA-A43E-4FFA98BFEE56}.Release|Mixed Platforms.Build.0 = Release|Windows Phone
		{0B4C0331-5356-41DA-A43E-4FFA98BFEE56}.Release|Windows Phone.ActiveCfg = Release|Windows Phone
		{0B4C0331-5356-41DA-A43E-4FFA98BFEE56}.Release|Windows Phone.Build.0 = Release|Windows Phone
		{0B4C0331-5356-41DA-A43E-4FFA98BFEE56}.Release|x86.ActiveCfg = Release|Windows Phone
		{0B4C0331-5356-41DA-A43E-4FFA98BFEE56}.Release|x86.Build.0 = Release|Windows Phone
		{0B4C0331-5356-41DA-A43E-4FFA98BFEE56}.Release|Xbox 360.ActiveCfg = Release|Windows Phone
		{0B4C0331-5356-41DA-A43E-4FFA98BFEE56}.Release|Xbox 360.Build.0 = Release|Windows Phone
		{B9244A34-43EB-463D-9F35-6DE0753D0BD3}.Debug|Any CPU.ActiveCfg = Debug|Windows Phone
		{B9244A34-43EB-463D-9F35-6DE0753D0BD3}.Debug|Mixed Platforms.ActiveCfg = Debug|Windows Phone
		{B9244A34-43EB-463D-9F35-6DE0753D0BD3}.Debug|Mixed Platforms.Build.0 = Debug|Windows Phone
		{B9244A34-43EB-463D-9F35-6DE0753D0BD3}.Debug|Mixed Platforms.Deploy.0 = Debug|Windows Phone
		{B9244A34-43EB-463D-9F35-6DE0753D0BD3}.Debug|Windows Phone.ActiveCfg = Debug|Windows Phone
		{B9244A34-43EB-463D-9F35-6DE0753D0BD3}.Debug|Windows Phone.Build.0 = Debug|Windows Phone
		{B9244A34-43EB-463D-9F35-6DE0753D0BD3}.Debug|Windows Phone.Deploy.0 = Debug|Windows Phone
		{B9244A34-43EB-463D-9F35-6DE0753D0BD3}.Debug|x86.ActiveCfg = Debug|Windows Phone
		{B9244A34-43EB-463D-9F35-6DE0753D0BD3}.Debug|Xbox 360.ActiveCfg = Debug|Windows Phone
		{B9244A34-43EB-463D-9F35-6DE0753D0BD3}.Debug|Xbox 360.Build.0 = Debug|Windows Phone
		{B9244A34-43EB-463D-9F35-6DE0753D0BD3}.Release|Any CPU.ActiveCfg = Release|Windows Phone
		{B9244A34-43EB-463D-9F35-6DE0753D0BD3}.Release|Mixed Platforms.ActiveCfg = Release|Windows Phone
		{B9244A34-43EB-463D-9F35-6DE0753D0BD3}.Release|Mixed Platforms.Build.0 = Release|Windows Phone
		{B9244A34-43EB-463D-9F35-6DE0753D0BD3}.Release|Mixed Platforms.Deploy.0 = Release|Windows Phone
		{B9244A34-43EB-463D-9F35-6DE0753D0BD3}.Release|Windows Phone.ActiveCfg = Release|Windows Phone
		{B9244A34-43EB-463D-9F35-6DE0753D0BD3}.Release|Windows Phone.Build.0 = Release|Windows Phone
		{B9244A34-43EB-463D-9F35-6DE0753D0BD3}.Release|Windows Phone.Deploy.0 = Release|Windows Phone
		{B9244A34-43EB-463D-9F35-6DE0753D0BD3}.Release|x86.ActiveCfg = Release|Windows Phone
		{B9244A34-43EB-463D-9F35-6DE0753D0BD3}.Release|x86.Build.0 = Release|Windows Phone
		{B9244A34-43EB-463D-9F35-6DE0753D0BD3}.Release|Xbox 360.ActiveCfg = Release|Windows Phone
		{B9244A34-43EB-463D-9F35-6DE0753D0BD3}.Release|Xbox 360.Build.0 = Release|Windows Phone
		{B747E1E6-6F15-4EFC-96CB-08B0D071C90F}.Debug|Any CPU.ActiveCfg = Debug|Any CPU
		{B747E1E6-6F15-4EFC-96CB-08B0D071C90F}.Debug|Mixed Platforms.ActiveCfg = Debug|Any CPU
		{B747E1E6-6F15-4EFC-96CB-08B0D071C90F}.Debug|Windows Phone.ActiveCfg = Debug|Any CPU
		{B747E1E6-6F15-4EFC-96CB-08B0D071C90F}.Debug|x86.ActiveCfg = Debug|Any CPU
		{B747E1E6-6F15-4EFC-96CB-08B0D071C90F}.Debug|Xbox 360.ActiveCfg = Debug|Any CPU
		{B747E1E6-6F15-4EFC-96CB-08B0D071C90F}.Release|Any CPU.ActiveCfg = Debug|Any CPU
		{B747E1E6-6F15-4EFC-96CB-08B0D071C90F}.Release|Mixed Platforms.ActiveCfg = Debug|Any CPU
		{B747E1E6-6F15-4EFC-96CB-08B0D071C90F}.Release|Windows Phone.ActiveCfg = Debug|Any CPU
		{B747E1E6-6F15-4EFC-96CB-08B0D071C90F}.Release|x86.ActiveCfg = Debug|Any CPU
		{B747E1E6-6F15-4EFC-96CB-08B0D071C90F}.Release|Xbox 360.ActiveCfg = Debug|Any CPU
		{FF0FC7D7-ED83-4864-AD8A-5B2BF93EAC83}.Debug|Any CPU.ActiveCfg = Debug|Windows Phone
		{FF0FC7D7-ED83-4864-AD8A-5B2BF93EAC83}.Debug|Mixed Platforms.ActiveCfg = Debug|Windows Phone
		{FF0FC7D7-ED83-4864-AD8A-5B2BF93EAC83}.Debug|Mixed Platforms.Build.0 = Debug|Windows Phone
		{FF0FC7D7-ED83-4864-AD8A-5B2BF93EAC83}.Debug|Windows Phone.ActiveCfg = Debug|Windows Phone
		{FF0FC7D7-ED83-4864-AD8A-5B2BF93EAC83}.Debug|Windows Phone.Build.0 = Debug|Windows Phone
		{FF0FC7D7-ED83-4864-AD8A-5B2BF93EAC83}.Debug|x86.ActiveCfg = Debug|Windows Phone
		{FF0FC7D7-ED83-4864-AD8A-5B2BF93EAC83}.Debug|Xbox 360.ActiveCfg = Debug|Windows Phone
		{FF0FC7D7-ED83-4864-AD8A-5B2BF93EAC83}.Debug|Xbox 360.Build.0 = Debug|Windows Phone
		{FF0FC7D7-ED83-4864-AD8A-5B2BF93EAC83}.Release|Any CPU.ActiveCfg = Release|Windows Phone
		{FF0FC7D7-ED83-4864-AD8A-5B2BF93EAC83}.Release|Mixed Platforms.ActiveCfg = Release|Windows Phone
		{FF0FC7D7-ED83-4864-AD8A-5B2BF93EAC83}.Release|Mixed Platforms.Build.0 = Release|Windows Phone
		{FF0FC7D7-ED83-4864-AD8A-5B2BF93EAC83}.Release|Windows Phone.ActiveCfg = Release|Windows Phone
		{FF0FC7D7-ED83-4864-AD8A-5B2BF93EAC83}.Release|Windows Phone.Build.0 = Release|Windows Phone
		{FF0FC7D7-ED83-4864-AD8A-5B2BF93EAC83}.Release|x86.ActiveCfg = Release|Windows Phone
		{FF0FC7D7-ED83-4864-AD8A-5B2BF93EAC83}.Release|x86.Build.0 = Release|Windows Phone
		{FF0FC7D7-ED83-4864-AD8A-5B2BF93EAC83}.Release|Xbox 360.ActiveCfg = Release|Windows Phone
		{FF0FC7D7-ED83-4864-AD8A-5B2BF93EAC83}.Release|Xbox 360.Build.0 = Release|Windows Phone
		{AF5914F6-09E6-4E96-8352-931928067244}.Debug|Any CPU.ActiveCfg = Debug|Windows Phone
		{AF5914F6-09E6-4E96-8352-931928067244}.Debug|Mixed Platforms.ActiveCfg = Debug|Windows Phone
		{AF5914F6-09E6-4E96-8352-931928067244}.Debug|Mixed Platforms.Build.0 = Debug|Windows Phone
		{AF5914F6-09E6-4E96-8352-931928067244}.Debug|Windows Phone.ActiveCfg = Debug|Windows Phone
		{AF5914F6-09E6-4E96-8352-931928067244}.Debug|Windows Phone.Build.0 = Debug|Windows Phone
		{AF5914F6-09E6-4E96-8352-931928067244}.Debug|x86.ActiveCfg = Debug|Windows Phone
		{AF5914F6-09E6-4E96-8352-931928067244}.Debug|Xbox 360.ActiveCfg = Debug|Windows Phone
		{AF5914F6-09E6-4E96-8352-931928067244}.Debug|Xbox 360.Build.0 = Debug|Windows Phone
		{AF5914F6-09E6-4E96-8352-931928067244}.Release|Any CPU.ActiveCfg = Release|Windows Phone
		{AF5914F6-09E6-4E96-8352-931928067244}.Release|Mixed Platforms.ActiveCfg = Release|Windows Phone
		{AF5914F6-09E6-4E96-8352-931928067244}.Release|Mixed Platforms.Build.0 = Release|Windows Phone
		{AF5914F6-09E6-4E96-8352-931928067244}.Release|Windows Phone.ActiveCfg = Release|Windows Phone
		{AF5914F6-09E6-4E96-8352-931928067244}.Release|Windows Phone.Build.0 = Release|Windows Phone
		{AF5914F6-09E6-4E96-8352-931928067244}.Release|x86.ActiveCfg = Release|Windows Phone
		{AF5914F6-09E6-4E96-8352-931928067244}.Release|x86.Build.0 = Release|Windows Phone
		{AF5914F6-09E6-4E96-8352-931928067244}.Release|Xbox 360.ActiveCfg = Release|Windows Phone
		{AF5914F6-09E6-4E96-8352-931928067244}.Release|Xbox 360.Build.0 = Release|Windows Phone
		{CC636252-3F23-46E9-9F83-5A3ACE7152C7}.Debug|Any CPU.ActiveCfg = Debug|x86
		{CC636252-3F23-46E9-9F83-5A3ACE7152C7}.Debug|Any CPU.Build.0 = Debug|x86
		{CC636252-3F23-46E9-9F83-5A3ACE7152C7}.Debug|Mixed Platforms.ActiveCfg = Debug|x86
		{CC636252-3F23-46E9-9F83-5A3ACE7152C7}.Debug|Mixed Platforms.Build.0 = Debug|x86
		{CC636252-3F23-46E9-9F83-5A3ACE7152C7}.Debug|Windows Phone.ActiveCfg = Debug|x86
		{CC636252-3F23-46E9-9F83-5A3ACE7152C7}.Debug|x86.ActiveCfg = Debug|x86
		{CC636252-3F23-46E9-9F83-5A3ACE7152C7}.Debug|x86.Build.0 = Debug|x86
		{CC636252-3F23-46E9-9F83-5A3ACE7152C7}.Debug|Xbox 360.ActiveCfg = Debug|x86
		{CC636252-3F23-46E9-9F83-5A3ACE7152C7}.Debug|Xbox 360.Build.0 = Debug|x86
		{CC636252-3F23-46E9-9F83-5A3ACE7152C7}.Release|Any CPU.ActiveCfg = Release|x86
		{CC636252-3F23-46E9-9F83-5A3ACE7152C7}.Release|Mixed Platforms.ActiveCfg = Release|x86
		{CC636252-3F23-46E9-9F83-5A3ACE7152C7}.Release|Mixed Platforms.Build.0 = Release|x86
		{CC636252-3F23-46E9-9F83-5A3ACE7152C7}.Release|Windows Phone.ActiveCfg = Release|x86
		{CC636252-3F23-46E9-9F83-5A3ACE7152C7}.Release|x86.ActiveCfg = Release|x86
		{CC636252-3F23-46E9-9F83-5A3ACE7152C7}.Release|x86.Build.0 = Release|x86
		{CC636252-3F23-46E9-9F83-5A3ACE7152C7}.Release|Xbox 360.ActiveCfg = Release|x86
		{CC636252-3F23-46E9-9F83-5A3ACE7152C7}.Release|Xbox 360.Build.0 = Release|x86
		{86354B14-1D3C-4E62-918D-67521C103C95}.Debug|Any CPU.ActiveCfg = Debug|x86
		{86354B14-1D3C-4E62-918D-67521C103C95}.Debug|Any CPU.Build.0 = Debug|x86
		{86354B14-1D3C-4E62-918D-67521C103C95}.Debug|Mixed Platforms.ActiveCfg = Debug|x86
		{86354B14-1D3C-4E62-918D-67521C103C95}.Debug|Mixed Platforms.Build.0 = Debug|x86
		{86354B14-1D3C-4E62-918D-67521C103C95}.Debug|Windows Phone.ActiveCfg = Debug|x86
		{86354B14-1D3C-4E62-918D-67521C103C95}.Debug|x86.ActiveCfg = Debug|x86
		{86354B14-1D3C-4E62-918D-67521C103C95}.Debug|x86.Build.0 = Debug|x86
		{86354B14-1D3C-4E62-918D-67521C103C95}.Debug|Xbox 360.ActiveCfg = Debug|x86
		{86354B14-1D3C-4E62-918D-67521C103C95}.Debug|Xbox 360.Build.0 = Debug|x86
		{86354B14-1D3C-4E62-918D-67521C103C95}.Release|Any CPU.ActiveCfg = Release|x86
		{86354B14-1D3C-4E62-918D-67521C103C95}.Release|Mixed Platforms.ActiveCfg = Release|x86
		{86354B14-1D3C-4E62-918D-67521C103C95}.Release|Mixed Platforms.Build.0 = Release|x86
		{86354B14-1D3C-4E62-918D-67521C103C95}.Release|Windows Phone.ActiveCfg = Release|x86
		{86354B14-1D3C-4E62-918D-67521C103C95}.Release|x86.ActiveCfg = Release|x86
		{86354B14-1D3C-4E62-918D-67521C103C95}.Release|x86.Build.0 = Release|x86
		{86354B14-1D3C-4E62-918D-67521C103C95}.Release|Xbox 360.ActiveCfg = Release|x86
		{86354B14-1D3C-4E62-918D-67521C103C95}.Release|Xbox 360.Build.0 = Release|x86
		{444BD4E5-FBBE-4970-A116-D6AA2F2E4E8A}.Debug|Any CPU.ActiveCfg = Debug|x86
		{444BD4E5-FBBE-4970-A116-D6AA2F2E4E8A}.Debug|Any CPU.Build.0 = Debug|x86
		{444BD4E5-FBBE-4970-A116-D6AA2F2E4E8A}.Debug|Mixed Platforms.ActiveCfg = Debug|x86
		{444BD4E5-FBBE-4970-A116-D6AA2F2E4E8A}.Debug|Mixed Platforms.Build.0 = Debug|x86
		{444BD4E5-FBBE-4970-A116-D6AA2F2E4E8A}.Debug|Windows Phone.ActiveCfg = Debug|x86
		{444BD4E5-FBBE-4970-A116-D6AA2F2E4E8A}.Debug|x86.ActiveCfg = Debug|x86
		{444BD4E5-FBBE-4970-A116-D6AA2F2E4E8A}.Debug|x86.Build.0 = Debug|x86
		{444BD4E5-FBBE-4970-A116-D6AA2F2E4E8A}.Debug|Xbox 360.ActiveCfg = Debug|x86
		{444BD4E5-FBBE-4970-A116-D6AA2F2E4E8A}.Debug|Xbox 360.Build.0 = Debug|x86
		{444BD4E5-FBBE-4970-A116-D6AA2F2E4E8A}.Release|Any CPU.ActiveCfg = Release|x86
		{444BD4E5-FBBE-4970-A116-D6AA2F2E4E8A}.Release|Mixed Platforms.ActiveCfg = Release|x86
		{444BD4E5-FBBE-4970-A116-D6AA2F2E4E8A}.Release|Mixed Platforms.Build.0 = Release|x86
		{444BD4E5-FBBE-4970-A116-D6AA2F2E4E8A}.Release|Windows Phone.ActiveCfg = Release|x86
		{444BD4E5-FBBE-4970-A116-D6AA2F2E4E8A}.Release|x86.ActiveCfg = Release|x86
		{444BD4E5-FBBE-4970-A116-D6AA2F2E4E8A}.Release|x86.Build.0 = Release|x86
		{444BD4E5-FBBE-4970-A116-D6AA2F2E4E8A}.Release|Xbox 360.ActiveCfg = Release|x86
		{444BD4E5-FBBE-4970-A116-D6AA2F2E4E8A}.Release|Xbox 360.Build.0 = Release|x86
		{42A15EA9-B891-435E-BB8F-F61E825D9AB9}.Debug|Any CPU.ActiveCfg = Debug|Windows Phone
		{42A15EA9-B891-435E-BB8F-F61E825D9AB9}.Debug|Mixed Platforms.ActiveCfg = Debug|Windows Phone
		{42A15EA9-B891-435E-BB8F-F61E825D9AB9}.Debug|Mixed Platforms.Build.0 = Debug|Windows Phone
		{42A15EA9-B891-435E-BB8F-F61E825D9AB9}.Debug|Windows Phone.ActiveCfg = Debug|Windows Phone
		{42A15EA9-B891-435E-BB8F-F61E825D9AB9}.Debug|Windows Phone.Build.0 = Debug|Windows Phone
		{42A15EA9-B891-435E-BB8F-F61E825D9AB9}.Debug|x86.ActiveCfg = Debug|Windows Phone
		{42A15EA9-B891-435E-BB8F-F61E825D9AB9}.Debug|Xbox 360.ActiveCfg = Debug|Windows Phone
		{42A15EA9-B891-435E-BB8F-F61E825D9AB9}.Debug|Xbox 360.Build.0 = Debug|Windows Phone
		{42A15EA9-B891-435E-BB8F-F61E825D9AB9}.Release|Any CPU.ActiveCfg = Release|Windows Phone
		{42A15EA9-B891-435E-BB8F-F61E825D9AB9}.Release|Mixed Platforms.ActiveCfg = Release|Windows Phone
		{42A15EA9-B891-435E-BB8F-F61E825D9AB9}.Release|Mixed Platforms.Build.0 = Release|Windows Phone
		{42A15EA9-B891-435E-BB8F-F61E825D9AB9}.Release|Windows Phone.ActiveCfg = Release|Windows Phone
		{42A15EA9-B891-435E-BB8F-F61E825D9AB9}.Release|Windows Phone.Build.0 = Release|Windows Phone
		{42A15EA9-B891-435E-BB8F-F61E825D9AB9}.Release|x86.ActiveCfg = Release|Windows Phone
		{42A15EA9-B891-435E-BB8F-F61E825D9AB9}.Release|Xbox 360.ActiveCfg = Release|Windows Phone
		{42A15EA9-B891-435E-BB8F-F61E825D9AB9}.Release|Xbox 360.Build.0 = Release|Windows Phone
		{29899682-6750-4638-9D5A-CDE4131E502C}.Debug|Any CPU.ActiveCfg = Debug|x86
		{29899682-6750-4638-9D5A-CDE4131E502C}.Debug|Any CPU.Build.0 = Debug|x86
		{29899682-6750-4638-9D5A-CDE4131E502C}.Debug|Mixed Platforms.ActiveCfg = Debug|x86
		{29899682-6750-4638-9D5A-CDE4131E502C}.Debug|Mixed Platforms.Build.0 = Debug|x86
		{29899682-6750-4638-9D5A-CDE4131E502C}.Debug|Windows Phone.ActiveCfg = Debug|x86
		{29899682-6750-4638-9D5A-CDE4131E502C}.Debug|x86.ActiveCfg = Debug|x86
		{29899682-6750-4638-9D5A-CDE4131E502C}.Debug|x86.Build.0 = Debug|x86
		{29899682-6750-4638-9D5A-CDE4131E502C}.Debug|Xbox 360.ActiveCfg = Debug|x86
		{29899682-6750-4638-9D5A-CDE4131E502C}.Debug|Xbox 360.Build.0 = Debug|x86
		{29899682-6750-4638-9D5A-CDE4131E502C}.Release|Any CPU.ActiveCfg = Release|x86
		{29899682-6750-4638-9D5A-CDE4131E502C}.Release|Mixed Platforms.ActiveCfg = Release|x86
		{29899682-6750-4638-9D5A-CDE4131E502C}.Release|Mixed Platforms.Build.0 = Release|x86
		{29899682-6750-4638-9D5A-CDE4131E502C}.Release|Windows Phone.ActiveCfg = Release|x86
		{29899682-6750-4638-9D5A-CDE4131E502C}.Release|x86.ActiveCfg = Release|x86
		{29899682-6750-4638-9D5A-CDE4131E502C}.Release|x86.Build.0 = Release|x86
		{29899682-6750-4638-9D5A-CDE4131E502C}.Release|Xbox 360.ActiveCfg = Release|x86
		{29899682-6750-4638-9D5A-CDE4131E502C}.Release|Xbox 360.Build.0 = Release|x86
		{87C42152-2A6E-45FC-864C-8021BD2A6110}.Debug|Any CPU.ActiveCfg = Debug|x86
		{87C42152-2A6E-45FC-864C-8021BD2A6110}.Debug|Any CPU.Build.0 = Debug|x86
		{87C42152-2A6E-45FC-864C-8021BD2A6110}.Debug|Mixed Platforms.ActiveCfg = Debug|x86
		{87C42152-2A6E-45FC-864C-8021BD2A6110}.Debug|Mixed Platforms.Build.0 = Debug|x86
		{87C42152-2A6E-45FC-864C-8021BD2A6110}.Debug|Windows Phone.ActiveCfg = Debug|x86
		{87C42152-2A6E-45FC-864C-8021BD2A6110}.Debug|x86.ActiveCfg = Debug|x86
		{87C42152-2A6E-45FC-864C-8021BD2A6110}.Debug|x86.Build.0 = Debug|x86
		{87C42152-2A6E-45FC-864C-8021BD2A6110}.Debug|Xbox 360.ActiveCfg = Debug|x86
		{87C42152-2A6E-45FC-864C-8021BD2A6110}.Debug|Xbox 360.Build.0 = Debug|x86
		{87C42152-2A6E-45FC-864C-8021BD2A6110}.Release|Any CPU.ActiveCfg = Release|x86
		{87C42152-2A6E-45FC-864C-8021BD2A6110}.Release|Mixed Platforms.ActiveCfg = Release|x86
		{87C42152-2A6E-45FC-864C-8021BD2A6110}.Release|Mixed Platforms.Build.0 = Release|x86
		{87C42152-2A6E-45FC-864C-8021BD2A6110}.Release|Windows Phone.ActiveCfg = Release|x86
		{87C42152-2A6E-45FC-864C-8021BD2A6110}.Release|x86.ActiveCfg = Release|x86
		{87C42152-2A6E-45FC-864C-8021BD2A6110}.Release|x86.Build.0 = Release|x86
		{87C42152-2A6E-45FC-864C-8021BD2A6110}.Release|Xbox 360.ActiveCfg = Release|x86
		{87C42152-2A6E-45FC-864C-8021BD2A6110}.Release|Xbox 360.Build.0 = Release|x86
		{C09DC211-BC7B-476D-BE57-2DEF07FC84E9}.Debug|Any CPU.ActiveCfg = Debug|x86
		{C09DC211-BC7B-476D-BE57-2DEF07FC84E9}.Debug|Any CPU.Build.0 = Debug|x86
		{C09DC211-BC7B-476D-BE57-2DEF07FC84E9}.Debug|Mixed Platforms.ActiveCfg = Debug|x86
		{C09DC211-BC7B-476D-BE57-2DEF07FC84E9}.Debug|Mixed Platforms.Build.0 = Debug|x86
		{C09DC211-BC7B-476D-BE57-2DEF07FC84E9}.Debug|Windows Phone.ActiveCfg = Debug|x86
		{C09DC211-BC7B-476D-BE57-2DEF07FC84E9}.Debug|x86.ActiveCfg = Debug|x86
		{C09DC211-BC7B-476D-BE57-2DEF07FC84E9}.Debug|x86.Build.0 = Debug|x86
		{C09DC211-BC7B-476D-BE57-2DEF07FC84E9}.Debug|Xbox 360.ActiveCfg = Debug|x86
		{C09DC211-BC7B-476D-BE57-2DEF07FC84E9}.Debug|Xbox 360.Build.0 = Debug|x86
		{C09DC211-BC7B-476D-BE57-2DEF07FC84E9}.Release|Any CPU.ActiveCfg = Debug|x86
		{C09DC211-BC7B-476D-BE57-2DEF07FC84E9}.Release|Any CPU.Build.0 = Debug|x86
		{C09DC211-BC7B-476D-BE57-2DEF07FC84E9}.Release|Mixed Platforms.ActiveCfg = Debug|x86
		{C09DC211-BC7B-476D-BE57-2DEF07FC84E9}.Release|Mixed Platforms.Build.0 = Debug|x86
		{C09DC211-BC7B-476D-BE57-2DEF07FC84E9}.Release|Windows Phone.ActiveCfg = Debug|x86
		{C09DC211-BC7B-476D-BE57-2DEF07FC84E9}.Release|x86.ActiveCfg = Debug|x86
		{C09DC211-BC7B-476D-BE57-2DEF07FC84E9}.Release|x86.Build.0 = Debug|x86
		{C09DC211-BC7B-476D-BE57-2DEF07FC84E9}.Release|Xbox 360.ActiveCfg = Debug|x86
		{C09DC211-BC7B-476D-BE57-2DEF07FC84E9}.Release|Xbox 360.Build.0 = Debug|x86
		{50B19F36-CE56-434B-B14B-66BE25293D32}.Debug|Any CPU.ActiveCfg = Debug|x86
		{50B19F36-CE56-434B-B14B-66BE25293D32}.Debug|Mixed Platforms.ActiveCfg = Debug|x86
		{50B19F36-CE56-434B-B14B-66BE25293D32}.Debug|Mixed Platforms.Build.0 = Debug|x86
		{50B19F36-CE56-434B-B14B-66BE25293D32}.Debug|Windows Phone.ActiveCfg = Debug|x86
		{50B19F36-CE56-434B-B14B-66BE25293D32}.Debug|Windows Phone.Build.0 = Debug|x86
		{50B19F36-CE56-434B-B14B-66BE25293D32}.Debug|x86.ActiveCfg = Debug|x86
		{50B19F36-CE56-434B-B14B-66BE25293D32}.Debug|Xbox 360.ActiveCfg = Debug|x86
		{50B19F36-CE56-434B-B14B-66BE25293D32}.Debug|Xbox 360.Build.0 = Debug|x86
		{50B19F36-CE56-434B-B14B-66BE25293D32}.Release|Any CPU.ActiveCfg = Debug|x86
		{50B19F36-CE56-434B-B14B-66BE25293D32}.Release|Any CPU.Build.0 = Debug|x86
		{50B19F36-CE56-434B-B14B-66BE25293D32}.Release|Mixed Platforms.ActiveCfg = Debug|x86
		{50B19F36-CE56-434B-B14B-66BE25293D32}.Release|Mixed Platforms.Build.0 = Debug|x86
		{50B19F36-CE56-434B-B14B-66BE25293D32}.Release|Windows Phone.ActiveCfg = Debug|x86
		{50B19F36-CE56-434B-B14B-66BE25293D32}.Release|Windows Phone.Build.0 = Debug|x86
		{50B19F36-CE56-434B-B14B-66BE25293D32}.Release|x86.ActiveCfg = Debug|x86
		{50B19F36-CE56-434B-B14B-66BE25293D32}.Release|x86.Build.0 = Debug|x86
		{50B19F36-CE56-434B-B14B-66BE25293D32}.Release|Xbox 360.ActiveCfg = Debug|x86
		{50B19F36-CE56-434B-B14B-66BE25293D32}.Release|Xbox 360.Build.0 = Debug|x86
		{7F8CCD32-DB05-495E-A624-AF6D4DD15F13}.Debug|Any CPU.ActiveCfg = Debug|Any CPU
		{7F8CCD32-DB05-495E-A624-AF6D4DD15F13}.Debug|Mixed Platforms.ActiveCfg = Debug|Any CPU
		{7F8CCD32-DB05-495E-A624-AF6D4DD15F13}.Debug|Mixed Platforms.Build.0 = Debug|Any CPU
		{7F8CCD32-DB05-495E-A624-AF6D4DD15F13}.Debug|Windows Phone.ActiveCfg = Debug|Any CPU
		{7F8CCD32-DB05-495E-A624-AF6D4DD15F13}.Debug|Windows Phone.Build.0 = Debug|Any CPU
		{7F8CCD32-DB05-495E-A624-AF6D4DD15F13}.Debug|x86.ActiveCfg = Debug|Any CPU
		{7F8CCD32-DB05-495E-A624-AF6D4DD15F13}.Debug|Xbox 360.ActiveCfg = Debug|Any CPU
		{7F8CCD32-DB05-495E-A624-AF6D4DD15F13}.Release|Any CPU.ActiveCfg = Release|Any CPU
		{7F8CCD32-DB05-495E-A624-AF6D4DD15F13}.Release|Any CPU.Build.0 = Release|Any CPU
		{7F8CCD32-DB05-495E-A624-AF6D4DD15F13}.Release|Mixed Platforms.ActiveCfg = Release|Any CPU
		{7F8CCD32-DB05-495E-A624-AF6D4DD15F13}.Release|Mixed Platforms.Build.0 = Release|Any CPU
		{7F8CCD32-DB05-495E-A624-AF6D4DD15F13}.Release|Windows Phone.ActiveCfg = Release|Any CPU
		{7F8CCD32-DB05-495E-A624-AF6D4DD15F13}.Release|Windows Phone.Build.0 = Release|Any CPU
		{7F8CCD32-DB05-495E-A624-AF6D4DD15F13}.Release|x86.ActiveCfg = Release|Any CPU
		{7F8CCD32-DB05-495E-A624-AF6D4DD15F13}.Release|Xbox 360.ActiveCfg = Release|Any CPU
		{35CF3FEE-F170-4E45-BC91-053D471C93B8}.Debug|Any CPU.ActiveCfg = Debug|Any CPU
		{35CF3FEE-F170-4E45-BC91-053D471C93B8}.Debug|Any CPU.Build.0 = Debug|Any CPU
		{35CF3FEE-F170-4E45-BC91-053D471C93B8}.Debug|Mixed Platforms.ActiveCfg = Debug|Any CPU
		{35CF3FEE-F170-4E45-BC91-053D471C93B8}.Debug|Mixed Platforms.Build.0 = Debug|Any CPU
		{35CF3FEE-F170-4E45-BC91-053D471C93B8}.Debug|Windows Phone.ActiveCfg = Debug|Any CPU
		{35CF3FEE-F170-4E45-BC91-053D471C93B8}.Debug|x86.ActiveCfg = Debug|Any CPU
		{35CF3FEE-F170-4E45-BC91-053D471C93B8}.Debug|x86.Build.0 = Debug|Any CPU
		{35CF3FEE-F170-4E45-BC91-053D471C93B8}.Debug|Xbox 360.ActiveCfg = Debug|Any CPU
		{35CF3FEE-F170-4E45-BC91-053D471C93B8}.Release|Any CPU.ActiveCfg = Release|Any CPU
		{35CF3FEE-F170-4E45-BC91-053D471C93B8}.Release|Any CPU.Build.0 = Release|Any CPU
		{35CF3FEE-F170-4E45-BC91-053D471C93B8}.Release|Mixed Platforms.ActiveCfg = Release|Any CPU
		{35CF3FEE-F170-4E45-BC91-053D471C93B8}.Release|Mixed Platforms.Build.0 = Release|Any CPU
		{35CF3FEE-F170-4E45-BC91-053D471C93B8}.Release|Windows Phone.ActiveCfg = Release|Any CPU
		{35CF3FEE-F170-4E45-BC91-053D471C93B8}.Release|x86.ActiveCfg = Release|Any CPU
		{35CF3FEE-F170-4E45-BC91-053D471C93B8}.Release|Xbox 360.ActiveCfg = Release|Any CPU
		{DCDDA0BC-5A54-45DD-9EBC-01C0C01C788B}.Debug|Any CPU.ActiveCfg = Debug|Windows Phone
		{DCDDA0BC-5A54-45DD-9EBC-01C0C01C788B}.Debug|Mixed Platforms.ActiveCfg = Debug|Windows Phone
		{DCDDA0BC-5A54-45DD-9EBC-01C0C01C788B}.Debug|Mixed Platforms.Build.0 = Debug|Windows Phone
		{DCDDA0BC-5A54-45DD-9EBC-01C0C01C788B}.Debug|Windows Phone.ActiveCfg = Debug|Windows Phone
		{DCDDA0BC-5A54-45DD-9EBC-01C0C01C788B}.Debug|Windows Phone.Build.0 = Debug|Windows Phone
		{DCDDA0BC-5A54-45DD-9EBC-01C0C01C788B}.Debug|x86.ActiveCfg = Debug|Windows Phone
		{DCDDA0BC-5A54-45DD-9EBC-01C0C01C788B}.Debug|Xbox 360.ActiveCfg = Debug|Windows Phone
		{DCDDA0BC-5A54-45DD-9EBC-01C0C01C788B}.Debug|Xbox 360.Build.0 = Debug|Windows Phone
		{DCDDA0BC-5A54-45DD-9EBC-01C0C01C788B}.Release|Any CPU.ActiveCfg = Release|Windows Phone
		{DCDDA0BC-5A54-45DD-9EBC-01C0C01C788B}.Release|Mixed Platforms.ActiveCfg = Release|Windows Phone
		{DCDDA0BC-5A54-45DD-9EBC-01C0C01C788B}.Release|Mixed Platforms.Build.0 = Release|Windows Phone
		{DCDDA0BC-5A54-45DD-9EBC-01C0C01C788B}.Release|Windows Phone.ActiveCfg = Release|Windows Phone
		{DCDDA0BC-5A54-45DD-9EBC-01C0C01C788B}.Release|Windows Phone.Build.0 = Release|Windows Phone
		{DCDDA0BC-5A54-45DD-9EBC-01C0C01C788B}.Release|x86.ActiveCfg = Release|Windows Phone
		{DCDDA0BC-5A54-45DD-9EBC-01C0C01C788B}.Release|Xbox 360.ActiveCfg = Release|Windows Phone
		{DCDDA0BC-5A54-45DD-9EBC-01C0C01C788B}.Release|Xbox 360.Build.0 = Release|Windows Phone
		{7CDBFE64-7C7B-4791-99AA-E82CF2A33CB2}.Debug|Any CPU.ActiveCfg = Debug|x86
		{7CDBFE64-7C7B-4791-99AA-E82CF2A33CB2}.Debug|Any CPU.Build.0 = Debug|x86
		{7CDBFE64-7C7B-4791-99AA-E82CF2A33CB2}.Debug|Mixed Platforms.ActiveCfg = Debug|x86
		{7CDBFE64-7C7B-4791-99AA-E82CF2A33CB2}.Debug|Mixed Platforms.Build.0 = Debug|x86
		{7CDBFE64-7C7B-4791-99AA-E82CF2A33CB2}.Debug|Windows Phone.ActiveCfg = Debug|x86
		{7CDBFE64-7C7B-4791-99AA-E82CF2A33CB2}.Debug|x86.ActiveCfg = Debug|x86
		{7CDBFE64-7C7B-4791-99AA-E82CF2A33CB2}.Debug|x86.Build.0 = Debug|x86
		{7CDBFE64-7C7B-4791-99AA-E82CF2A33CB2}.Debug|Xbox 360.ActiveCfg = Debug|x86
		{7CDBFE64-7C7B-4791-99AA-E82CF2A33CB2}.Debug|Xbox 360.Build.0 = Debug|x86
		{7CDBFE64-7C7B-4791-99AA-E82CF2A33CB2}.Release|Any CPU.ActiveCfg = Release|x86
		{7CDBFE64-7C7B-4791-99AA-E82CF2A33CB2}.Release|Mixed Platforms.ActiveCfg = Release|x86
		{7CDBFE64-7C7B-4791-99AA-E82CF2A33CB2}.Release|Mixed Platforms.Build.0 = Release|x86
		{7CDBFE64-7C7B-4791-99AA-E82CF2A33CB2}.Release|Windows Phone.ActiveCfg = Release|x86
		{7CDBFE64-7C7B-4791-99AA-E82CF2A33CB2}.Release|x86.ActiveCfg = Release|x86
		{7CDBFE64-7C7B-4791-99AA-E82CF2A33CB2}.Release|x86.Build.0 = Release|x86
		{7CDBFE64-7C7B-4791-99AA-E82CF2A33CB2}.Release|Xbox 360.ActiveCfg = Release|x86
		{7CDBFE64-7C7B-4791-99AA-E82CF2A33CB2}.Release|Xbox 360.Build.0 = Release|x86
		{0A5A212B-05DB-436F-9B35-1746B1F54009}.Debug|Any CPU.ActiveCfg = Debug|Windows Phone
		{0A5A212B-05DB-436F-9B35-1746B1F54009}.Debug|Mixed Platforms.ActiveCfg = Debug|Windows Phone
		{0A5A212B-05DB-436F-9B35-1746B1F54009}.Debug|Mixed Platforms.Build.0 = Debug|Windows Phone
		{0A5A212B-05DB-436F-9B35-1746B1F54009}.Debug|Windows Phone.ActiveCfg = Debug|Windows Phone
		{0A5A212B-05DB-436F-9B35-1746B1F54009}.Debug|Windows Phone.Build.0 = Debug|Windows Phone
		{0A5A212B-05DB-436F-9B35-1746B1F54009}.Debug|x86.ActiveCfg = Debug|Windows Phone
		{0A5A212B-05DB-436F-9B35-1746B1F54009}.Debug|Xbox 360.ActiveCfg = Debug|Windows Phone
		{0A5A212B-05DB-436F-9B35-1746B1F54009}.Debug|Xbox 360.Build.0 = Debug|Windows Phone
		{0A5A212B-05DB-436F-9B35-1746B1F54009}.Release|Any CPU.ActiveCfg = Release|Windows Phone
		{0A5A212B-05DB-436F-9B35-1746B1F54009}.Release|Mixed Platforms.ActiveCfg = Release|Windows Phone
		{0A5A212B-05DB-436F-9B35-1746B1F54009}.Release|Mixed Platforms.Build.0 = Release|Windows Phone
		{0A5A212B-05DB-436F-9B35-1746B1F54009}.Release|Windows Phone.ActiveCfg = Release|Windows Phone
		{0A5A212B-05DB-436F-9B35-1746B1F54009}.Release|Windows Phone.Build.0 = Release|Windows Phone
		{0A5A212B-05DB-436F-9B35-1746B1F54009}.Release|x86.ActiveCfg = Release|Windows Phone
		{0A5A212B-05DB-436F-9B35-1746B1F54009}.Release|Xbox 360.ActiveCfg = Release|Windows Phone
		{0A5A212B-05DB-436F-9B35-1746B1F54009}.Release|Xbox 360.Build.0 = Release|Windows Phone
		{4007A641-5A3C-471A-9B5E-A3636EB61B71}.Debug|Any CPU.ActiveCfg = Debug|x86
		{4007A641-5A3C-471A-9B5E-A3636EB61B71}.Debug|Any CPU.Build.0 = Debug|x86
		{4007A641-5A3C-471A-9B5E-A3636EB61B71}.Debug|Mixed Platforms.ActiveCfg = Debug|x86
		{4007A641-5A3C-471A-9B5E-A3636EB61B71}.Debug|Mixed Platforms.Build.0 = Debug|x86
		{4007A641-5A3C-471A-9B5E-A3636EB61B71}.Debug|Windows Phone.ActiveCfg = Debug|x86
		{4007A641-5A3C-471A-9B5E-A3636EB61B71}.Debug|x86.ActiveCfg = Debug|x86
		{4007A641-5A3C-471A-9B5E-A3636EB61B71}.Debug|x86.Build.0 = Debug|x86
		{4007A641-5A3C-471A-9B5E-A3636EB61B71}.Debug|Xbox 360.ActiveCfg = Debug|x86
		{4007A641-5A3C-471A-9B5E-A3636EB61B71}.Debug|Xbox 360.Build.0 = Debug|x86
		{4007A641-5A3C-471A-9B5E-A3636EB61B71}.Release|Any CPU.ActiveCfg = Release|x86
		{4007A641-5A3C-471A-9B5E-A3636EB61B71}.Release|Mixed Platforms.ActiveCfg = Release|x86
		{4007A641-5A3C-471A-9B5E-A3636EB61B71}.Release|Mixed Platforms.Build.0 = Release|x86
		{4007A641-5A3C-471A-9B5E-A3636EB61B71}.Release|Windows Phone.ActiveCfg = Release|x86
		{4007A641-5A3C-471A-9B5E-A3636EB61B71}.Release|x86.ActiveCfg = Release|x86
		{4007A641-5A3C-471A-9B5E-A3636EB61B71}.Release|x86.Build.0 = Release|x86
		{4007A641-5A3C-471A-9B5E-A3636EB61B71}.Release|Xbox 360.ActiveCfg = Release|x86
		{4007A641-5A3C-471A-9B5E-A3636EB61B71}.Release|Xbox 360.Build.0 = Release|x86
		{B3F6F405-0AA8-4638-BCCC-E59D0B873626}.Debug|Any CPU.ActiveCfg = Debug|Windows Phone
		{B3F6F405-0AA8-4638-BCCC-E59D0B873626}.Debug|Mixed Platforms.ActiveCfg = Debug|Windows Phone
		{B3F6F405-0AA8-4638-BCCC-E59D0B873626}.Debug|Mixed Platforms.Build.0 = Debug|Windows Phone
		{B3F6F405-0AA8-4638-BCCC-E59D0B873626}.Debug|Windows Phone.ActiveCfg = Debug|Windows Phone
		{B3F6F405-0AA8-4638-BCCC-E59D0B873626}.Debug|Windows Phone.Build.0 = Debug|Windows Phone
		{B3F6F405-0AA8-4638-BCCC-E59D0B873626}.Debug|x86.ActiveCfg = Debug|Windows Phone
		{B3F6F405-0AA8-4638-BCCC-E59D0B873626}.Debug|Xbox 360.ActiveCfg = Debug|Windows Phone
		{B3F6F405-0AA8-4638-BCCC-E59D0B873626}.Debug|Xbox 360.Build.0 = Debug|Windows Phone
		{B3F6F405-0AA8-4638-BCCC-E59D0B873626}.Release|Any CPU.ActiveCfg = Release|Windows Phone
		{B3F6F405-0AA8-4638-BCCC-E59D0B873626}.Release|Mixed Platforms.ActiveCfg = Release|Windows Phone
		{B3F6F405-0AA8-4638-BCCC-E59D0B873626}.Release|Mixed Platforms.Build.0 = Release|Windows Phone
		{B3F6F405-0AA8-4638-BCCC-E59D0B873626}.Release|Windows Phone.ActiveCfg = Release|Windows Phone
		{B3F6F405-0AA8-4638-BCCC-E59D0B873626}.Release|Windows Phone.Build.0 = Release|Windows Phone
		{B3F6F405-0AA8-4638-BCCC-E59D0B873626}.Release|x86.ActiveCfg = Release|Windows Phone
		{B3F6F405-0AA8-4638-BCCC-E59D0B873626}.Release|Xbox 360.ActiveCfg = Release|Windows Phone
		{B3F6F405-0AA8-4638-BCCC-E59D0B873626}.Release|Xbox 360.Build.0 = Release|Windows Phone
		{0189AE4F-4D0B-424F-B521-9CEBEFE9409F}.Debug|Any CPU.ActiveCfg = Debug|x86
		{0189AE4F-4D0B-424F-B521-9CEBEFE9409F}.Debug|Any CPU.Build.0 = Debug|x86
		{0189AE4F-4D0B-424F-B521-9CEBEFE9409F}.Debug|Mixed Platforms.ActiveCfg = Debug|x86
		{0189AE4F-4D0B-424F-B521-9CEBEFE9409F}.Debug|Mixed Platforms.Build.0 = Debug|x86
		{0189AE4F-4D0B-424F-B521-9CEBEFE9409F}.Debug|Windows Phone.ActiveCfg = Debug|x86
		{0189AE4F-4D0B-424F-B521-9CEBEFE9409F}.Debug|x86.ActiveCfg = Debug|x86
		{0189AE4F-4D0B-424F-B521-9CEBEFE9409F}.Debug|x86.Build.0 = Debug|x86
		{0189AE4F-4D0B-424F-B521-9CEBEFE9409F}.Debug|Xbox 360.ActiveCfg = Debug|x86
		{0189AE4F-4D0B-424F-B521-9CEBEFE9409F}.Debug|Xbox 360.Build.0 = Debug|x86
		{0189AE4F-4D0B-424F-B521-9CEBEFE9409F}.Release|Any CPU.ActiveCfg = Release|x86
		{0189AE4F-4D0B-424F-B521-9CEBEFE9409F}.Release|Mixed Platforms.ActiveCfg = Release|x86
		{0189AE4F-4D0B-424F-B521-9CEBEFE9409F}.Release|Mixed Platforms.Build.0 = Release|x86
		{0189AE4F-4D0B-424F-B521-9CEBEFE9409F}.Release|Windows Phone.ActiveCfg = Release|x86
		{0189AE4F-4D0B-424F-B521-9CEBEFE9409F}.Release|x86.ActiveCfg = Release|x86
		{0189AE4F-4D0B-424F-B521-9CEBEFE9409F}.Release|x86.Build.0 = Release|x86
		{0189AE4F-4D0B-424F-B521-9CEBEFE9409F}.Release|Xbox 360.ActiveCfg = Release|x86
		{0189AE4F-4D0B-424F-B521-9CEBEFE9409F}.Release|Xbox 360.Build.0 = Release|x86
		{3335546C-F8ED-4149-86F4-A8D77019E40B}.Debug|Any CPU.ActiveCfg = Debug|x86
		{3335546C-F8ED-4149-86F4-A8D77019E40B}.Debug|Any CPU.Build.0 = Debug|x86
		{3335546C-F8ED-4149-86F4-A8D77019E40B}.Debug|Mixed Platforms.ActiveCfg = Debug|x86
		{3335546C-F8ED-4149-86F4-A8D77019E40B}.Debug|Mixed Platforms.Build.0 = Debug|x86
		{3335546C-F8ED-4149-86F4-A8D77019E40B}.Debug|Windows Phone.ActiveCfg = Debug|x86
		{3335546C-F8ED-4149-86F4-A8D77019E40B}.Debug|x86.ActiveCfg = Debug|x86
		{3335546C-F8ED-4149-86F4-A8D77019E40B}.Debug|x86.Build.0 = Debug|x86
		{3335546C-F8ED-4149-86F4-A8D77019E40B}.Debug|Xbox 360.ActiveCfg = Debug|x86
		{3335546C-F8ED-4149-86F4-A8D77019E40B}.Debug|Xbox 360.Build.0 = Debug|x86
		{3335546C-F8ED-4149-86F4-A8D77019E40B}.Release|Any CPU.ActiveCfg = Release|x86
		{3335546C-F8ED-4149-86F4-A8D77019E40B}.Release|Mixed Platforms.ActiveCfg = Release|x86
		{3335546C-F8ED-4149-86F4-A8D77019E40B}.Release|Mixed Platforms.Build.0 = Release|x86
		{3335546C-F8ED-4149-86F4-A8D77019E40B}.Release|Windows Phone.ActiveCfg = Release|x86
		{3335546C-F8ED-4149-86F4-A8D77019E40B}.Release|x86.ActiveCfg = Release|x86
		{3335546C-F8ED-4149-86F4-A8D77019E40B}.Release|x86.Build.0 = Release|x86
		{3335546C-F8ED-4149-86F4-A8D77019E40B}.Release|Xbox 360.ActiveCfg = Release|x86
		{3335546C-F8ED-4149-86F4-A8D77019E40B}.Release|Xbox 360.Build.0 = Release|x86
		{1598ADFC-F97D-4D96-88F5-D7E4DCBA2551}.Debug|Any CPU.ActiveCfg = Debug|x86
		{1598ADFC-F97D-4D96-88F5-D7E4DCBA2551}.Debug|Any CPU.Build.0 = Debug|x86
		{1598ADFC-F97D-4D96-88F5-D7E4DCBA2551}.Debug|Mixed Platforms.ActiveCfg = Debug|x86
		{1598ADFC-F97D-4D96-88F5-D7E4DCBA2551}.Debug|Mixed Platforms.Build.0 = Debug|x86
		{1598ADFC-F97D-4D96-88F5-D7E4DCBA2551}.Debug|Windows Phone.ActiveCfg = Debug|x86
		{1598ADFC-F97D-4D96-88F5-D7E4DCBA2551}.Debug|x86.ActiveCfg = Debug|x86
		{1598ADFC-F97D-4D96-88F5-D7E4DCBA2551}.Debug|x86.Build.0 = Debug|x86
		{1598ADFC-F97D-4D96-88F5-D7E4DCBA2551}.Debug|Xbox 360.ActiveCfg = Debug|x86
		{1598ADFC-F97D-4D96-88F5-D7E4DCBA2551}.Debug|Xbox 360.Build.0 = Debug|x86
		{1598ADFC-F97D-4D96-88F5-D7E4DCBA2551}.Release|Any CPU.ActiveCfg = Release|x86
		{1598ADFC-F97D-4D96-88F5-D7E4DCBA2551}.Release|Mixed Platforms.ActiveCfg = Release|x86
		{1598ADFC-F97D-4D96-88F5-D7E4DCBA2551}.Release|Mixed Platforms.Build.0 = Release|x86
		{1598ADFC-F97D-4D96-88F5-D7E4DCBA2551}.Release|Windows Phone.ActiveCfg = Release|x86
		{1598ADFC-F97D-4D96-88F5-D7E4DCBA2551}.Release|x86.ActiveCfg = Release|x86
		{1598ADFC-F97D-4D96-88F5-D7E4DCBA2551}.Release|x86.Build.0 = Release|x86
		{1598ADFC-F97D-4D96-88F5-D7E4DCBA2551}.Release|Xbox 360.ActiveCfg = Release|x86
		{1598ADFC-F97D-4D96-88F5-D7E4DCBA2551}.Release|Xbox 360.Build.0 = Release|x86
		{FD5F091B-84E3-4D8F-98F2-5DE94BCFF3E6}.Debug|Any CPU.ActiveCfg = Debug|Windows Phone
		{FD5F091B-84E3-4D8F-98F2-5DE94BCFF3E6}.Debug|Mixed Platforms.ActiveCfg = Debug|Windows Phone
		{FD5F091B-84E3-4D8F-98F2-5DE94BCFF3E6}.Debug|Mixed Platforms.Build.0 = Debug|Windows Phone
		{FD5F091B-84E3-4D8F-98F2-5DE94BCFF3E6}.Debug|Windows Phone.ActiveCfg = Debug|Windows Phone
		{FD5F091B-84E3-4D8F-98F2-5DE94BCFF3E6}.Debug|Windows Phone.Build.0 = Debug|Windows Phone
		{FD5F091B-84E3-4D8F-98F2-5DE94BCFF3E6}.Debug|x86.ActiveCfg = Debug|Windows Phone
		{FD5F091B-84E3-4D8F-98F2-5DE94BCFF3E6}.Debug|Xbox 360.ActiveCfg = Debug|Windows Phone
		{FD5F091B-84E3-4D8F-98F2-5DE94BCFF3E6}.Debug|Xbox 360.Build.0 = Debug|Windows Phone
		{FD5F091B-84E3-4D8F-98F2-5DE94BCFF3E6}.Release|Any CPU.ActiveCfg = Release|Windows Phone
		{FD5F091B-84E3-4D8F-98F2-5DE94BCFF3E6}.Release|Mixed Platforms.ActiveCfg = Release|Windows Phone
		{FD5F091B-84E3-4D8F-98F2-5DE94BCFF3E6}.Release|Mixed Platforms.Build.0 = Release|Windows Phone
		{FD5F091B-84E3-4D8F-98F2-5DE94BCFF3E6}.Release|Windows Phone.ActiveCfg = Release|Windows Phone
		{FD5F091B-84E3-4D8F-98F2-5DE94BCFF3E6}.Release|Windows Phone.Build.0 = Release|Windows Phone
		{FD5F091B-84E3-4D8F-98F2-5DE94BCFF3E6}.Release|x86.ActiveCfg = Release|Windows Phone
		{FD5F091B-84E3-4D8F-98F2-5DE94BCFF3E6}.Release|Xbox 360.ActiveCfg = Release|Windows Phone
		{FD5F091B-84E3-4D8F-98F2-5DE94BCFF3E6}.Release|Xbox 360.Build.0 = Release|Windows Phone
		{4636C7E1-B845-4B83-B96D-64A11B8A4515}.Debug|Any CPU.ActiveCfg = Debug|x86
		{4636C7E1-B845-4B83-B96D-64A11B8A4515}.Debug|Any CPU.Build.0 = Debug|x86
		{4636C7E1-B845-4B83-B96D-64A11B8A4515}.Debug|Mixed Platforms.ActiveCfg = Debug|x86
		{4636C7E1-B845-4B83-B96D-64A11B8A4515}.Debug|Mixed Platforms.Build.0 = Debug|x86
		{4636C7E1-B845-4B83-B96D-64A11B8A4515}.Debug|Windows Phone.ActiveCfg = Debug|x86
		{4636C7E1-B845-4B83-B96D-64A11B8A4515}.Debug|Windows Phone.Build.0 = Debug|x86
		{4636C7E1-B845-4B83-B96D-64A11B8A4515}.Debug|x86.ActiveCfg = Debug|x86
		{4636C7E1-B845-4B83-B96D-64A11B8A4515}.Debug|x86.Build.0 = Debug|x86
		{4636C7E1-B845-4B83-B96D-64A11B8A4515}.Debug|Xbox 360.ActiveCfg = Debug|x86
		{4636C7E1-B845-4B83-B96D-64A11B8A4515}.Debug|Xbox 360.Build.0 = Debug|x86
		{4636C7E1-B845-4B83-B96D-64A11B8A4515}.Release|Any CPU.ActiveCfg = Debug|x86
		{4636C7E1-B845-4B83-B96D-64A11B8A4515}.Release|Any CPU.Build.0 = Debug|x86
		{4636C7E1-B845-4B83-B96D-64A11B8A4515}.Release|Mixed Platforms.ActiveCfg = Debug|x86
		{4636C7E1-B845-4B83-B96D-64A11B8A4515}.Release|Mixed Platforms.Build.0 = Debug|x86
		{4636C7E1-B845-4B83-B96D-64A11B8A4515}.Release|Windows Phone.ActiveCfg = Debug|x86
		{4636C7E1-B845-4B83-B96D-64A11B8A4515}.Release|Windows Phone.Build.0 = Debug|x86
		{4636C7E1-B845-4B83-B96D-64A11B8A4515}.Release|x86.ActiveCfg = Debug|x86
		{4636C7E1-B845-4B83-B96D-64A11B8A4515}.Release|x86.Build.0 = Debug|x86
		{4636C7E1-B845-4B83-B96D-64A11B8A4515}.Release|Xbox 360.ActiveCfg = Debug|x86
		{4636C7E1-B845-4B83-B96D-64A11B8A4515}.Release|Xbox 360.Build.0 = Debug|x86
	EndGlobalSection
	GlobalSection(SolutionProperties) = preSolution
		HideSolutionNode = FALSE
	EndGlobalSection
EndGlobal
